
Microsoft Visual Studio Solution File, Format Version 12.00
# Visual Studio 15
VisualStudioVersion = 15.0.26730.10
MinimumVisualStudioVersion = 10.0.40219.1
Project("{9A19103F-16F7-4668-BE54-9A1E7A4F7556}") = "CoreApp", "CoreApp\CoreApp.csproj", "{E362477C-13C6-4F58-B89D-5BBAA7C8DE70}"
EndProject
Project("{9A19103F-16F7-4668-BE54-9A1E7A4F7556}") = "NetCoreBLL", "NetCoreBLL\NetCoreBLL.csproj", "{CF6F3F06-3D74-494C-BAD1-F0DE48028F36}"
EndProject
Project("{9A19103F-16F7-4668-BE54-9A1E7A4F7556}") = "NetCoreIBLL", "NetCoreIBLL\NetCoreIBLL.csproj", "{1DDC63A6-F2D4-40A8-87D3-233C1E141D10}"
EndProject
Project("{9A19103F-16F7-4668-BE54-9A1E7A4F7556}") = "NetCoreWebUI", "NetCoreWebUI\NetCoreWebUI.csproj", "{B90D8164-5537-4FAA-BD49-018383213B95}"
EndProject
Project("{9A19103F-16F7-4668-BE54-9A1E7A4F7556}") = "NetCoreWebApi", "NetCoreWebApi\NetCoreWebApi.csproj", "{5A653240-49B2-48F3-9FCA-C451760B8531}"
EndProject
Project("{9A19103F-16F7-4668-BE54-9A1E7A4F7556}") = "NetCoreModel", "NetCoreModel\NetCoreModel.csproj", "{666754EA-E1CE-4B27-95C5-CD6E062D809B}"
EndProject
Project("{FAE04EC0-301F-11D3-BF4B-00C04F79EFBC}") = "NetCoreUtil", "NetCoreUtil\NetCoreUtil.csproj", "{F1A64ABD-148C-4022-AE39-2ABE7D510790}"
EndProject
Global
	GlobalSection(SolutionConfigurationPlatforms) = preSolution
		Debug|Any CPU = Debug|Any CPU
		Release|Any CPU = Release|Any CPU
	EndGlobalSection
	GlobalSection(ProjectConfigurationPlatforms) = postSolution
		{E362477C-13C6-4F58-B89D-5BBAA7C8DE70}.Debug|Any CPU.ActiveCfg = Debug|Any CPU
		{E362477C-13C6-4F58-B89D-5BBAA7C8DE70}.Debug|Any CPU.Build.0 = Debug|Any CPU
		{E362477C-13C6-4F58-B89D-5BBAA7C8DE70}.Release|Any CPU.ActiveCfg = Release|Any CPU
		{E362477C-13C6-4F58-B89D-5BBAA7C8DE70}.Release|Any CPU.Build.0 = Release|Any CPU
		{CF6F3F06-3D74-494C-BAD1-F0DE48028F36}.Debug|Any CPU.ActiveCfg = Debug|Any CPU
		{CF6F3F06-3D74-494C-BAD1-F0DE48028F36}.Debug|Any CPU.Build.0 = Debug|Any CPU
		{CF6F3F06-3D74-494C-BAD1-F0DE48028F36}.Release|Any CPU.ActiveCfg = Release|Any CPU
		{CF6F3F06-3D74-494C-BAD1-F0DE48028F36}.Release|Any CPU.Build.0 = Release|Any CPU
		{1DDC63A6-F2D4-40A8-87D3-233C1E141D10}.Debug|Any CPU.ActiveCfg = Debug|Any CPU
		{1DDC63A6-F2D4-40A8-87D3-233C1E141D10}.Debug|Any CPU.Build.0 = Debug|Any CPU
		{1DDC63A6-F2D4-40A8-87D3-233C1E141D10}.Release|Any CPU.ActiveCfg = Release|Any CPU
		{1DDC63A6-F2D4-40A8-87D3-233C1E141D10}.Release|Any CPU.Build.0 = Release|Any CPU
		{B90D8164-5537-4FAA-BD49-018383213B95}.Debug|Any CPU.ActiveCfg = Debug|Any CPU
		{B90D8164-5537-4FAA-BD49-018383213B95}.Debug|Any CPU.Build.0 = Debug|Any CPU
		{B90D8164-5537-4FAA-BD49-018383213B95}.Release|Any CPU.ActiveCfg = Release|Any CPU
		{B90D8164-5537-4FAA-BD49-018383213B95}.Release|Any CPU.Build.0 = Release|Any CPU
		{5A653240-49B2-48F3-9FCA-C451760B8531}.Debug|Any CPU.ActiveCfg = Debug|Any CPU
		{5A653240-49B2-48F3-9FCA-C451760B8531}.Debug|Any CPU.Build.0 = Debug|Any CPU
		{5A653240-49B2-48F3-9FCA-C451760B8531}.Release|Any CPU.ActiveCfg = Release|Any CPU
		{5A653240-49B2-48F3-9FCA-C451760B8531}.Release|Any CPU.Build.0 = Release|Any CPU
		{666754EA-E1CE-4B27-95C5-CD6E062D809B}.Debug|Any CPU.ActiveCfg = Debug|Any CPU
		{666754EA-E1CE-4B27-95C5-CD6E062D809B}.Debug|Any CPU.Build.0 = Debug|Any CPU
		{666754EA-E1CE-4B27-95C5-CD6E062D809B}.Release|Any CPU.ActiveCfg = Release|Any CPU
		{666754EA-E1CE-4B27-95C5-CD6E062D809B}.Release|Any CPU.Build.0 = Release|Any CPU
		{F1A64ABD-148C-4022-AE39-2ABE7D510790}.Debug|Any CPU.ActiveCfg = Debug|Any CPU
		{F1A64ABD-148C-4022-AE39-2ABE7D510790}.Debug|Any CPU.Build.0 = Debug|Any CPU
		{F1A64ABD-148C-4022-AE39-2ABE7D510790}.Release|Any CPU.ActiveCfg = Release|Any CPU
		{F1A64ABD-148C-4022-AE39-2ABE7D510790}.Release|Any CPU.Build.0 = Release|Any CPU
	EndGlobalSection
	GlobalSection(SolutionProperties) = preSolution
		HideSolutionNode = FALSE
	EndGlobalSection
	GlobalSection(ExtensibilityGlobals) = postSolution
		SolutionGuid = {DF03BF2D-AC8E-4EB3-8727-0199F832FAF0}
	EndGlobalSection
	GlobalSection(Performance) = preSolution
		HasPerformanceSessions = true
	EndGlobalSection
EndGlobal
